
Microsoft Visual Studio Solution File, Format Version 12.00
# Visual Studio Version 16
VisualStudioVersion = 16.0.28922.388
MinimumVisualStudioVersion = 10.0.40219.1
Project("{9A19103F-16F7-4668-BE54-9A1E7A4F7556}") = "FB.AutoRulesCopier", "FB.AutoRulesCopier.csproj", "{46AA66BD-3BBF-4EA6-9FD2-8109C50A7969}"
EndProject
Global
	GlobalSection(SolutionConfigurationPlatforms) = preSolution
		Debug|Any CPU = Debug|Any CPU
		Release|Any CPU = Release|Any CPU
	EndGlobalSection
	GlobalSection(ProjectConfigurationPlatforms) = postSolution
		{46AA66BD-3BBF-4EA6-9FD2-8109C50A7969}.Debug|Any CPU.ActiveCfg = Debug|Any CPU
		{46AA66BD-3BBF-4EA6-9FD2-8109C50A7969}.Debug|Any CPU.Build.0 = Debug|Any CPU
		{46AA66BD-3BBF-4EA6-9FD2-8109C50A7969}.Release|Any CPU.ActiveCfg = Release|Any CPU
		{46AA66BD-3BBF-4EA6-9FD2-8109C50A7969}.Release|Any CPU.Build.0 = Release|Any CPU
	EndGlobalSection
	GlobalSection(SolutionProperties) = preSolution
		HideSolutionNode = FALSE
	EndGlobalSection
	GlobalSection(ExtensibilityGlobals) = postSolution
		SolutionGuid = {F9E8BFFB-BD7E-434E-802A-88C17AA003D6}
	EndGlobalSection
EndGlobal
